
Microsoft Visual Studio Solution File, Format Version 12.00
# Visual Studio 14
VisualStudioVersion = 14.0.25420.1
MinimumVisualStudioVersion = 10.0.40219.1
Project("{FAE04EC0-301F-11D3-BF4B-00C04F79EFBC}") = "Messages", "Messages\Messages.csproj", "{544052F1-437A-477B-AC96-78367C24803B}"
EndProject
Project("{FAE04EC0-301F-11D3-BF4B-00C04F79EFBC}") = "Publisher", "Publisher\Publisher.csproj", "{F7A9EED9-8F51-4979-8F44-BC74047323F3}"
EndProject
Project("{FAE04EC0-301F-11D3-BF4B-00C04F79EFBC}") = "Subscriber", "Subscriber\Subscriber.csproj", "{CEEA76AD-ABCF-49C8-892D-A7DA213E032B}"
EndProject
Project("{2150E333-8FDC-42A3-9474-1A3956D46DE8}") = "Solution Items", "Solution Items", "{B539C204-54CB-49A5-A73B-9C7BFEBA5890}"
	ProjectSection(SolutionItems) = preProject
		Launch Multiple Console.bat = Launch Multiple Console.bat
	EndProjectSection
EndProject
Global
	GlobalSection(SolutionConfigurationPlatforms) = preSolution
		Debug|Any CPU = Debug|Any CPU
		Release|Any CPU = Release|Any CPU
	EndGlobalSection
	GlobalSection(ProjectConfigurationPlatforms) = postSolution
		{544052F1-437A-477B-AC96-78367C24803B}.Debug|Any CPU.ActiveCfg = Debug|Any CPU
		{544052F1-437A-477B-AC96-78367C24803B}.Debug|Any CPU.Build.0 = Debug|Any CPU
		{544052F1-437A-477B-AC96-78367C24803B}.Release|Any CPU.ActiveCfg = Release|Any CPU
		{544052F1-437A-477B-AC96-78367C24803B}.Release|Any CPU.Build.0 = Release|Any CPU
		{F7A9EED9-8F51-4979-8F44-BC74047323F3}.Debug|Any CPU.ActiveCfg = Debug|Any CPU
		{F7A9EED9-8F51-4979-8F44-BC74047323F3}.Debug|Any CPU.Build.0 = Debug|Any CPU
		{F7A9EED9-8F51-4979-8F44-BC74047323F3}.Release|Any CPU.ActiveCfg = Release|Any CPU
		{F7A9EED9-8F51-4979-8F44-BC74047323F3}.Release|Any CPU.Build.0 = Release|Any CPU
		{CEEA76AD-ABCF-49C8-892D-A7DA213E032B}.Debug|Any CPU.ActiveCfg = Debug|Any CPU
		{CEEA76AD-ABCF-49C8-892D-A7DA213E032B}.Debug|Any CPU.Build.0 = Debug|Any CPU
		{CEEA76AD-ABCF-49C8-892D-A7DA213E032B}.Release|Any CPU.ActiveCfg = Release|Any CPU
		{CEEA76AD-ABCF-49C8-892D-A7DA213E032B}.Release|Any CPU.Build.0 = Release|Any CPU
	EndGlobalSection
	GlobalSection(SolutionProperties) = preSolution
		HideSolutionNode = FALSE
	EndGlobalSection
EndGlobal
